PODS:
  - AnyChartiOS (1.0.4)
  - Format (0.5.0)
  - IGColorPicker (0.4.3):
    - M13Checkbox
  - iOSDropDown (0.3.4)
  - M13Checkbox (3.4.0)
  - Realm (10.17.0):
    - Realm/Headers (= 10.17.0)
  - Realm/Headers (10.17.0)
  - RealmSwift (10.17.0):
    - Realm (= 10.17.0)

DEPENDENCIES:
  - AnyChartiOS
  - Format (~> 0.5)
  - IGColorPicker
  - iOSDropDown
  - RealmSwift (~> 10)

SPEC REPOS:
  trunk:
    - AnyChartiOS
    - Format
    - IGColorPicker
    - iOSDropDown
    - M13Checkbox
    - Realm
    - RealmSwift

SPEC CHECKSUMS:
  AnyChartiOS: 7ce3964cb1ed0918410423beb0856ec0c2606d8f
  Format: b6966297bcb3af90774ad34a8ad756cb26ebd7e3
  IGColorPicker: f6034f8629aa90cce308a76ecc0fdf2afed0bf34
  iOSDropDown: c10a761f9a00c3f1cc9d3bce43ae504628e2f692
  M13Checkbox: 6f59404540ac98ba83a3d1afac335895a40c6a5d
  Realm: 9533276bd76f66aa2fd0d3ffe700c1f6023dcab6
  RealmSwift: 57f5d59aa29852587aad1e861989e7af139894b5

PODFILE CHECKSUM: 110082eeb71b684aad69b4787fb6c097d9581daa

COCOAPODS: 1.11.2
